
Microsoft Visual Studio Solution File, Format Version 12.00
# Visual Studio Version 17
VisualStudioVersion = 17.5.33530.505
MinimumVisualStudioVersion = 10.0.40219.1
Project("{FAE04EC0-301F-11D3-BF4B-00C04F79EFBC}") = "WaterFilterBusiness.Domain", "WaterFilterBusiness.Domain\WaterFilterBusiness.Domain.csproj", "{73005FDA-408C-47C3-AED1-396481B10827}"
EndProject
Global
	GlobalSection(SolutionConfigurationPlatforms) = preSolution
		Debug|Any CPU = Debug|Any CPU
		Release|Any CPU = Release|Any CPU
	EndGlobalSection
	GlobalSection(ProjectConfigurationPlatforms) = postSolution
		{73005FDA-408C-47C3-AED1-396481B10827}.Debug|Any CPU.ActiveCfg = Debug|Any CPU
		{73005FDA-408C-47C3-AED1-396481B10827}.Debug|Any CPU.Build.0 = Debug|Any CPU
		{73005FDA-408C-47C3-AED1-396481B10827}.Release|Any CPU.ActiveCfg = Release|Any CPU
		{73005FDA-408C-47C3-AED1-396481B10827}.Release|Any CPU.Build.0 = Release|Any CPU
	EndGlobalSection
	GlobalSection(SolutionProperties) = preSolution
		HideSolutionNode = FALSE
	EndGlobalSection
	GlobalSection(ExtensibilityGlobals) = postSolution
		SolutionGuid = {9BA75BF5-33D8-49C9-AF6E-15BC75F6DD94}
	EndGlobalSection
EndGlobal
