
Microsoft Visual Studio Solution File, Format Version 12.00
# Visual Studio Version 17
VisualStudioVersion = 17.5.33530.505
MinimumVisualStudioVersion = 10.0.40219.1
Project("{9A19103F-16F7-4668-BE54-9A1E7A4F7556}") = "WaterFilterBusiness.DAL", "WaterFilterBusiness.DAL\WaterFilterBusiness.DAL.csproj", "{6779B003-B034-419E-9BCA-7EC2544250CF}"
	ProjectSection(ProjectDependencies) = postProject
		{F76D0839-97E6-4455-96B7-43A97C4EF59C} = {F76D0839-97E6-4455-96B7-43A97C4EF59C}
	EndProjectSection
EndProject
Project("{9A19103F-16F7-4668-BE54-9A1E7A4F7556}") = "WaterFilterBusiness.BLL", "WaterFilterBusiness.BLL\WaterFilterBusiness.BLL.csproj", "{A117C5A1-D116-4E6D-83A2-0B1EBBEBD589}"
EndProject
Project("{9A19103F-16F7-4668-BE54-9A1E7A4F7556}") = "WaterFilterBusiness.API", "WaterFilterBusiness.API\WaterFilterBusiness.API.csproj", "{D338D085-7D87-4663-8E4C-2089BF9C76B0}"
EndProject
Project("{FAE04EC0-301F-11D3-BF4B-00C04F79EFBC}") = "WaterFilterBusiness.Common", "WaterFilterBusiness.Common\WaterFilterBusiness.Common.csproj", "{F76D0839-97E6-4455-96B7-43A97C4EF59C}"
EndProject
Global
	GlobalSection(SolutionConfigurationPlatforms) = preSolution
		Debug|Any CPU = Debug|Any CPU
		Release|Any CPU = Release|Any CPU
	EndGlobalSection
	GlobalSection(ProjectConfigurationPlatforms) = postSolution
		{6779B003-B034-419E-9BCA-7EC2544250CF}.Debug|Any CPU.ActiveCfg = Debug|Any CPU
		{6779B003-B034-419E-9BCA-7EC2544250CF}.Debug|Any CPU.Build.0 = Debug|Any CPU
		{6779B003-B034-419E-9BCA-7EC2544250CF}.Release|Any CPU.ActiveCfg = Release|Any CPU
		{6779B003-B034-419E-9BCA-7EC2544250CF}.Release|Any CPU.Build.0 = Release|Any CPU
		{A117C5A1-D116-4E6D-83A2-0B1EBBEBD589}.Debug|Any CPU.ActiveCfg = Debug|Any CPU
		{A117C5A1-D116-4E6D-83A2-0B1EBBEBD589}.Debug|Any CPU.Build.0 = Debug|Any CPU
		{A117C5A1-D116-4E6D-83A2-0B1EBBEBD589}.Release|Any CPU.ActiveCfg = Release|Any CPU
		{A117C5A1-D116-4E6D-83A2-0B1EBBEBD589}.Release|Any CPU.Build.0 = Release|Any CPU
		{D338D085-7D87-4663-8E4C-2089BF9C76B0}.Debug|Any CPU.ActiveCfg = Debug|Any CPU
		{D338D085-7D87-4663-8E4C-2089BF9C76B0}.Debug|Any CPU.Build.0 = Debug|Any CPU
		{D338D085-7D87-4663-8E4C-2089BF9C76B0}.Release|Any CPU.ActiveCfg = Release|Any CPU
		{D338D085-7D87-4663-8E4C-2089BF9C76B0}.Release|Any CPU.Build.0 = Release|Any CPU
		{F76D0839-97E6-4455-96B7-43A97C4EF59C}.Debug|Any CPU.ActiveCfg = Debug|Any CPU
		{F76D0839-97E6-4455-96B7-43A97C4EF59C}.Debug|Any CPU.Build.0 = Debug|Any CPU
		{F76D0839-97E6-4455-96B7-43A97C4EF59C}.Release|Any CPU.ActiveCfg = Release|Any CPU
		{F76D0839-97E6-4455-96B7-43A97C4EF59C}.Release|Any CPU.Build.0 = Release|Any CPU
	EndGlobalSection
	GlobalSection(SolutionProperties) = preSolution
		HideSolutionNode = FALSE
	EndGlobalSection
	GlobalSection(ExtensibilityGlobals) = postSolution
		SolutionGuid = {9BA75BF5-33D8-49C9-AF6E-15BC75F6DD94}
	EndGlobalSection
EndGlobal
